// !$*UTF8*$!
{
	archiveVersion = 1;
	classes = {
	};
	objectVersion = 56;
	objects = {

/* Begin PBXBuildFile section */
		DC9A8CEF28EB267E003917CE /* ContentViewModel.swift in Sources */ = {isa = PBXBuildFile; fileRef = DC9A8CEE28EB267E003917CE /* ContentViewModel.swift */; };
		DC9A8CF128EC2644003917CE /* LineChart.swift in Sources */ = {isa = PBXBuildFile; fileRef = DC9A8CF028EC2644003917CE /* LineChart.swift */; };
		DCA2EE5428E8BC12009BB51C /* StocksAppApp.swift in Sources */ = {isa = PBXBuildFile; fileRef = DCA2EE5328E8BC12009BB51C /* StocksAppApp.swift */; };
		DCA2EE5628E8BC12009BB51C /* ContentView.swift in Sources */ = {isa = PBXBuildFile; fileRef = DCA2EE5528E8BC12009BB51C /* ContentView.swift */; };
		DCA2EE5828E8BC12009BB51C /* Assets.xcassets in Resources */ = {isa = PBXBuildFile; fileRef = DCA2EE5728E8BC12009BB51C /* Assets.xcassets */; };
		DCA2EE5B28E8BC12009BB51C /* Preview Assets.xcassets in Resources */ = {isa = PBXBuildFile; fileRef = DCA2EE5A28E8BC12009BB51C /* Preview Assets.xcassets */; };
		DCA2EE5D28E8BC12009BB51C /* Persistence.swift in Sources */ = {isa = PBXBuildFile; fileRef = DCA2EE5C28E8BC12009BB51C /* Persistence.swift */; };
		DCA2EE6028E8BC12009BB51C /* StocksApp.xcdatamodeld in Sources */ = {isa = PBXBuildFile; fileRef = DCA2EE5E28E8BC12009BB51C /* StocksApp.xcdatamodeld */; };
		DCA2EE6728E8BF76009BB51C /* Stocks.swift in Sources */ = {isa = PBXBuildFile; fileRef = DCA2EE6628E8BF76009BB51C /* Stocks.swift */; };
/* End PBXBuildFile section */

/* Begin PBXFileReference section */
		DC9A8CEE28EB267E003917CE /* ContentViewModel.swift */ = {isa = PBXFileReference; lastKnownFileType = sourcecode.swift; path = ContentViewModel.swift; sourceTree = "<group>"; };
		DC9A8CF028EC2644003917CE /* LineChart.swift */ = {isa = PBXFileReference; lastKnownFileType = sourcecode.swift; path = LineChart.swift; sourceTree = "<group>"; };
		DCA2EE5028E8BC12009BB51C /* StocksApp.app */ = {isa = PBXFileReference; explicitFileType = wrapper.application; includeInIndex = 0; path = StocksApp.app; sourceTree = BUILT_PRODUCTS_DIR; };
		DCA2EE5328E8BC12009BB51C /* StocksAppApp.swift */ = {isa = PBXFileReference; lastKnownFileType = sourcecode.swift; path = StocksAppApp.swift; sourceTree = "<group>"; };
		DCA2EE5528E8BC12009BB51C /* ContentView.swift */ = {isa = PBXFileReference; lastKnownFileType = sourcecode.swift; path = ContentView.swift; sourceTree = "<group>"; };
		DCA2EE5728E8BC12009BB51C /* Assets.xcassets */ = {isa = PBXFileReference; lastKnownFileType = folder.assetcatalog; path = Assets.xcassets; sourceTree = "<group>"; };
		DCA2EE5A28E8BC12009BB51C /* Preview Assets.xcassets */ = {isa = PBXFileReference; lastKnownFileType = folder.assetcatalog; path = "Preview Assets.xcassets"; sourceTree = "<group>"; };
		DCA2EE5C28E8BC12009BB51C /* Persistence.swift */ = {isa = PBXFileReference; lastKnownFileType = sourcecode.swift; path = Persistence.swift; sourceTree = "<group>"; };
		DCA2EE5F28E8BC12009BB51C /* StocksApp.xcdatamodel */ = {isa = PBXFileReference; lastKnownFileType = wrapper.xcdatamodel; path = StocksApp.xcdatamodel; sourceTree = "<group>"; };
		DCA2EE6628E8BF76009BB51C /* Stocks.swift */ = {isa = PBXFileReference; lastKnownFileType = sourcecode.swift; path = Stocks.swift; sourceTree = "<group>"; };
/* End PBXFileReference section */

/* Begin PBXFrameworksBuildPhase section */
		DCA2EE4D28E8BC12009BB51C /* Frameworks */ = {
			isa = PBXFrameworksBuildPhase;
			buildActionMask = 2147483647;
			files = (
			);
			runOnlyForDeploymentPostprocessing = 0;
		};
/* End PBXFrameworksBuildPhase section */

/* Begin PBXGroup section */
		DC9A8CF228ED8819003917CE /* VIewModel */ = {
			isa = PBXGroup;
			children = (
				DC9A8CEE28EB267E003917CE /* ContentViewModel.swift */,
			);
			path = VIewModel;
			sourceTree = "<group>";
		};
		DC9A8CF328ED882F003917CE /* View */ = {
			isa = PBXGroup;
			children = (
				DC9A8CF028EC2644003917CE /* LineChart.swift */,
				DCA2EE5528E8BC12009BB51C /* ContentView.swift */,
			);
			path = View;
			sourceTree = "<group>";
		};
		DC9A8CF428ED8846003917CE /* App */ = {
			isa = PBXGroup;
			children = (
				DCA2EE5328E8BC12009BB51C /* StocksAppApp.swift */,
			);
			path = App;
			sourceTree = "<group>";
		};
		DC9A8CF728EDA909003917CE /* CoreData */ = {
			isa = PBXGroup;
			children = (
				DCA2EE5C28E8BC12009BB51C /* Persistence.swift */,
				DCA2EE5E28E8BC12009BB51C /* StocksApp.xcdatamodeld */,
			);
			path = CoreData;
			sourceTree = "<group>";
		};
		DCA2EE4728E8BC12009BB51C = {
			isa = PBXGroup;
			children = (
				DCA2EE5228E8BC12009BB51C /* StocksApp */,
				DCA2EE5128E8BC12009BB51C /* Products */,
			);
			sourceTree = "<group>";
		};
		DCA2EE5128E8BC12009BB51C /* Products */ = {
			isa = PBXGroup;
			children = (
				DCA2EE5028E8BC12009BB51C /* StocksApp.app */,
			);
			name = Products;
			sourceTree = "<group>";
		};
		DCA2EE5228E8BC12009BB51C /* StocksApp */ = {
			isa = PBXGroup;
			children = (
				DC9A8CF428ED8846003917CE /* App */,
				DCA2EE6828E8BF89009BB51C /* Model */,
				DC9A8CF228ED8819003917CE /* VIewModel */,
				DC9A8CF328ED882F003917CE /* View */,
				DCA2EE5728E8BC12009BB51C /* Assets.xcassets */,
				DC9A8CF728EDA909003917CE /* CoreData */,
				DCA2EE5928E8BC12009BB51C /* Preview Content */,
			);
			path = StocksApp;
			sourceTree = "<group>";
		};
		DCA2EE5928E8BC12009BB51C /* Preview Content */ = {
			isa = PBXGroup;
			children = (
				DCA2EE5A28E8BC12009BB51C /* Preview Assets.xcassets */,
			);
			path = "Preview Content";
			sourceTree = "<group>";
		};
		DCA2EE6828E8BF89009BB51C /* Model */ = {
			isa = PBXGroup;
			children = (
				DCA2EE6628E8BF76009BB51C /* Stocks.swift */,
			);
			path = Model;
			sourceTree = "<group>";
		};
/* End PBXGroup section */

/* Begin PBXNativeTarget section */
		DCA2EE4F28E8BC12009BB51C /* StocksApp */ = {
			isa = PBXNativeTarget;
			buildConfigurationList = DCA2EE6328E8BC12009BB51C /* Build configuration list for PBXNativeTarget "StocksApp" */;
			buildPhases = (
				DCA2EE4C28E8BC12009BB51C /* Sources */,
				DCA2EE4D28E8BC12009BB51C /* Frameworks */,
				DCA2EE4E28E8BC12009BB51C /* Resources */,
			);
			buildRules = (
			);
			dependencies = (
			);
			name = StocksApp;
			productName = StocksApp;
			productReference = DCA2EE5028E8BC12009BB51C /* StocksApp.app */;
			productType = "com.apple.product-type.application";
		};
/* End PBXNativeTarget section */

/* Begin PBXProject section */
		DCA2EE4828E8BC12009BB51C /* Project object */ = {
			isa = PBXProject;
			attributes = {
				BuildIndependentTargetsInParallel = 1;
				LastSwiftUpdateCheck = 1410;
				LastUpgradeCheck = 1410;
				TargetAttributes = {
					DCA2EE4F28E8BC12009BB51C = {
						CreatedOnToolsVersion = 14.1;
					};
				};
			};
			buildConfigurationList = DCA2EE4B28E8BC12009BB51C /* Build configuration list for PBXProject "StocksApp" */;
			compatibilityVersion = "Xcode 14.0";
			developmentRegion = en;
			hasScannedForEncodings = 0;
			knownRegions = (
				en,
				Base,
			);
			mainGroup = DCA2EE4728E8BC12009BB51C;
			productRefGroup = DCA2EE5128E8BC12009BB51C /* Products */;
			projectDirPath = "";
			projectRoot = "";
			targets = (
				DCA2EE4F28E8BC12009BB51C /* StocksApp */,
			);
		};
/* End PBXProject section */

/* Begin PBXResourcesBuildPhase section */
		DCA2EE4E28E8BC12009BB51C /* Resources */ = {
			isa = PBXResourcesBuildPhase;
			buildActionMask = 2147483647;
			files = (
				DCA2EE5B28E8BC12009BB51C /* Preview Assets.xcassets in Resources */,
				DCA2EE5828E8BC12009BB51C /* Assets.xcassets in Resources */,
			);
			runOnlyForDeploymentPostprocessing = 0;
		};
/* End PBXResourcesBuildPhase section */

/* Begin PBXSourcesBuildPhase section */
		DCA2EE4C28E8BC12009BB51C /* Sources */ = {
			isa = PBXSourcesBuildPhase;
			buildActionMask = 2147483647;
			files = (
				DCA2EE5D28E8BC12009BB51C /* Persistence.swift in Sources */,
				DCA2EE5628E8BC12009BB51C /* ContentView.swift in Sources */,
				DC9A8CEF28EB267E003917CE /* ContentViewModel.swift in Sources */,
				DCA2EE6028E8BC12009BB51C /* StocksApp.xcdatamodeld in Sources */,
				DC9A8CF128EC2644003917CE /* LineChart.swift in Sources */,
				DCA2EE5428E8BC12009BB51C /* StocksAppApp.swift in Sources */,
				DCA2EE6728E8BF76009BB51C /* Stocks.swift in Sources */,
			);
			runOnlyForDeploymentPostprocessing = 0;
		};
/* End PBXSourcesBuildPhase section */

/* Begin XCBuildConfiguration section */
		DCA2EE6128E8BC12009BB51C /* Debug */ = {
			isa = XCBuildConfiguration;
			buildSettings = {
				ALWAYS_SEARCH_USER_PATHS = NO;
				CLANG_ANALYZER_NONNULL = YES;
				CLANG_ANALYZER_NUMBER_OBJECT_CONVERSION = YES_AGGRESSIVE;
				CLANG_CXX_LANGUAGE_STANDARD = "gnu++20";
				CLANG_ENABLE_MODULES = YES;
				CLANG_ENABLE_OBJC_ARC = YES;
				CLANG_ENABLE_OBJC_WEAK = YES;
				CLANG_WARN_BLOCK_CAPTURE_AUTORELEASING = YES;
				CLANG_WARN_BOOL_CONVERSION = YES;
				CLANG_WARN_COMMA = YES;
				CLANG_WARN_CONSTANT_CONVERSION = YES;
				CLANG_WARN_DEPRECATED_OBJC_IMPLEMENTATIONS = YES;
				CLANG_WARN_DIRECT_OBJC_ISA_USAGE = YES_ERROR;
				CLANG_WARN_DOCUMENTATION_COMMENTS = YES;
				CLANG_WARN_EMPTY_BODY = YES;
				CLANG_WARN_ENUM_CONVERSION = YES;
				CLANG_WARN_INFINITE_RECURSION = YES;
				CLANG_WARN_INT_CONVERSION = YES;
				CLANG_WARN_NON_LITERAL_NULL_CONVERSION = YES;
				CLANG_WARN_OBJC_IMPLICIT_RETAIN_SELF = YES;
				CLANG_WARN_OBJC_LITERAL_CONVERSION = YES;
				CLANG_WARN_OBJC_ROOT_CLASS = YES_ERROR;
				CLANG_WARN_QUOTED_INCLUDE_IN_FRAMEWORK_HEADER = YES;
				CLANG_WARN_RANGE_LOOP_ANALYSIS = YES;
				CLANG_WARN_STRICT_PROTOTYPES = YES;
				CLANG_WARN_SUSPICIOUS_MOVE = YES;
				CLANG_WARN_UNGUARDED_AVAILABILITY = YES_AGGRESSIVE;
				CLANG_WARN_UNREACHABLE_CODE = YES;
				CLANG_WARN__DUPLICATE_METHOD_MATCH = YES;
				COPY_PHASE_STRIP = NO;
				DEBUG_INFORMATION_FORMAT = dwarf;
				ENABLE_STRICT_OBJC_MSGSEND = YES;
				ENABLE_TESTABILITY = YES;
				GCC_C_LANGUAGE_STANDARD = gnu11;
				GCC_DYNAMIC_NO_PIC = NO;
				GCC_NO_COMMON_BLOCKS = YES;
				GCC_OPTIMIZATION_LEVEL = 0;
				GCC_PREPROCESSOR_DEFINITIONS = (
					"DEBUG=1",
					"$(inherited)",
				);
				GCC_WARN_64_TO_32_BIT_CONVERSION = YES;
				GCC_WARN_ABOUT_RETURN_TYPE = YES_ERROR;
				GCC_WARN_UNDECLARED_SELECTOR = YES;
				GCC_WARN_UNINITIALIZED_AUTOS = YES_AGGRESSIVE;
				GCC_WARN_UNUSED_FUNCTION = YES;
				GCC_WARN_UNUSED_VARIABLE = YES;
				IPHONEOS_DEPLOYMENT_TARGET = 16.1;
				MTL_ENABLE_DEBUG_INFO = INCLUDE_SOURCE;
				MTL_FAST_MATH = YES;
				ONLY_ACTIVE_ARCH = YES;
				SDKROOT = iphoneos;
				SWIFT_ACTIVE_COMPILATION_CONDITIONS = DEBUG;
				SWIFT_OPTIMIZATION_LEVEL = "-Onone";
			};
			name = Debug;
		};
		DCA2EE6228E8BC12009BB51C /* Release */ = {
			isa = XCBuildConfiguration;
			buildSettings = {
				ALWAYS_SEARCH_USER_PATHS = NO;
				CLANG_ANALYZER_NONNULL = YES;
				CLANG_ANALYZER_NUMBER_OBJECT_CONVERSION = YES_AGGRESSIVE;
				CLANG_CXX_LANGUAGE_STANDARD = "gnu++20";
				CLANG_ENABLE_MODULES = YES;
				CLANG_ENABLE_OBJC_ARC = YES;
				CLANG_ENABLE_OBJC_WEAK = YES;
				CLANG_WARN_BLOCK_CAPTURE_AUTORELEASING = YES;
				CLANG_WARN_BOOL_CONVERSION = YES;
				CLANG_WARN_COMMA = YES;
				CLANG_WARN_CONSTANT_CONVERSION = YES;
				CLANG_WARN_DEPRECATED_OBJC_IMPLEMENTATIONS = YES;
				CLANG_WARN_DIRECT_OBJC_ISA_USAGE = YES_ERROR;
				CLANG_WARN_DOCUMENTATION_COMMENTS = YES;
				CLANG_WARN_EMPTY_BODY = YES;
				CLANG_WARN_ENUM_CONVERSION = YES;
				CLANG_WARN_INFINITE_RECURSION = YES;
				CLANG_WARN_INT_CONVERSION = YES;
				CLANG_WARN_NON_LITERAL_NULL_CONVERSION = YES;
				CLANG_WARN_OBJC_IMPLICIT_RETAIN_SELF = YES;
				CLANG_WARN_OBJC_LITERAL_CONVERSION = YES;
				CLANG_WARN_OBJC_ROOT_CLASS = YES_ERROR;
				CLANG_WARN_QUOTED_INCLUDE_IN_FRAMEWORK_HEADER = YES;
				CLANG_WARN_RANGE_LOOP_ANALYSIS = YES;
				CLANG_WARN_STRICT_PROTOTYPES = YES;
				CLANG_WARN_SUSPICIOUS_MOVE = YES;
				CLANG_WARN_UNGUARDED_AVAILABILITY = YES_AGGRESSIVE;
				CLANG_WARN_UNREACHABLE_CODE = YES;
				CLANG_WARN__DUPLICATE_METHOD_MATCH = YES;
				COPY_PHASE_STRIP = NO;
				DEBUG_INFORMATION_FORMAT = "dwarf-with-dsym";
				ENABLE_NS_ASSERTIONS = NO;
				ENABLE_STRICT_OBJC_MSGSEND = YES;
				GCC_C_LANGUAGE_STANDARD = gnu11;
				GCC_NO_COMMON_BLOCKS = YES;
				GCC_WARN_64_TO_32_BIT_CONVERSION = YES;
				GCC_WARN_ABOUT_RETURN_TYPE = YES_ERROR;
				GCC_WARN_UNDECLARED_SELECTOR = YES;
				GCC_WARN_UNINITIALIZED_AUTOS = YES_AGGRESSIVE;
				GCC_WARN_UNUSED_FUNCTION = YES;
				GCC_WARN_UNUSED_VARIABLE = YES;
				IPHONEOS_DEPLOYMENT_TARGET = 16.1;
				MTL_ENABLE_DEBUG_INFO = NO;
				MTL_FAST_MATH = YES;
				SDKROOT = iphoneos;
				SWIFT_COMPILATION_MODE = wholemodule;
				SWIFT_OPTIMIZATION_LEVEL = "-O";
				VALIDATE_PRODUCT = YES;
			};
			name = Release;
		};
		DCA2EE6428E8BC12009BB51C /* Debug */ = {
			isa = XCBuildConfiguration;
			buildSettings = {
				ASSETCATALOG_COMPILER_APPICON_NAME = AppIcon;
				ASSETCATALOG_COMPILER_GLOBAL_ACCENT_COLOR_NAME = AccentColor;
				CODE_SIGN_STYLE = Automatic;
				CURRENT_PROJECT_VERSION = 1;
				DEVELOPMENT_ASSET_PATHS = "\"StocksApp/Preview Content\"";
				DEVELOPMENT_TEAM = FC2VZ65V5L;
				ENABLE_PREVIEWS = YES;
				GENERATE_INFOPLIST_FILE = YES;
				INFOPLIST_KEY_UIApplicationSceneManifest_Generation = YES;
				INFOPLIST_KEY_UIApplicationSupportsIndirectInputEvents = YES;
				INFOPLIST_KEY_UILaunchScreen_Generation = YES;
				INFOPLIST_KEY_UISupportedInterfaceOrientations_iPad = "UIInterfaceOrientationPortrait UIInterfaceOrientationPortraitUpsideDown UIInterfaceOrientationLandscapeLeft UIInterfaceOrientationLandscapeRight";
				INFOPLIST_KEY_UISupportedInterfaceOrientations_iPhone = "UIInterfaceOrientationPortrait UIInterfaceOrientationLandscapeLeft UIInterfaceOrientationLandscapeRight";
				LD_RUNPATH_SEARCH_PATHS = (
					"$(inherited)",
					"@executable_path/Frameworks",
				);
				MARKETING_VERSION = 1.0;
				PRODUCT_BUNDLE_IDENTIFIER = mwd.StocksApp;
				PRODUCT_NAME = "$(TARGET_NAME)";
				SWIFT_EMIT_LOC_STRINGS = YES;
				SWIFT_VERSION = 5.0;
				TARGETED_DEVICE_FAMILY = "1,2";
			};
			name = Debug;
		};
		DCA2EE6528E8BC12009BB51C /* Release */ = {
			isa = XCBuildConfiguration;
			buildSettings = {
				ASSETCATALOG_COMPILER_APPICON_NAME = AppIcon;
				ASSETCATALOG_COMPILER_GLOBAL_ACCENT_COLOR_NAME = AccentColor;
				CODE_SIGN_STYLE = Automatic;
				CURRENT_PROJECT_VERSION = 1;
				DEVELOPMENT_ASSET_PATHS = "\"StocksApp/Preview Content\"";
				DEVELOPMENT_TEAM = FC2VZ65V5L;
				ENABLE_PREVIEWS = YES;
				GENERATE_INFOPLIST_FILE = YES;
				INFOPLIST_KEY_UIApplicationSceneManifest_Generation = YES;
				INFOPLIST_KEY_UIApplicationSupportsIndirectInputEvents = YES;
				INFOPLIST_KEY_UILaunchScreen_Generation = YES;
				INFOPLIST_KEY_UISupportedInterfaceOrientations_iPad = "UIInterfaceOrientationPortrait UIInterfaceOrientationPortraitUpsideDown UIInterfaceOrientationLandscapeLeft UIInterfaceOrientationLandscapeRight";
				INFOPLIST_KEY_UISupportedInterfaceOrientations_iPhone = "UIInterfaceOrientationPortrait UIInterfaceOrientationLandscapeLeft UIInterfaceOrientationLandscapeRight";
				LD_RUNPATH_SEARCH_PATHS = (
					"$(inherited)",
					"@executable_path/Frameworks",
				);
				MARKETING_VERSION = 1.0;
				PRODUCT_BUNDLE_IDENTIFIER = mwd.StocksApp;
				PRODUCT_NAME = "$(TARGET_NAME)";
				SWIFT_EMIT_LOC_STRINGS = YES;
				SWIFT_VERSION = 5.0;
				TARGETED_DEVICE_FAMILY = "1,2";
			};
			name = Release;
		};
/* End XCBuildConfiguration section */

/* Begin XCConfigurationList section */
		DCA2EE4B28E8BC12009BB51C /* Build configuration list for PBXProject "StocksApp" */ = {
			isa = XCConfigurationList;
			buildConfigurations = (
				DCA2EE6128E8BC12009BB51C /* Debug */,
				DCA2EE6228E8BC12009BB51C /* Release */,
			);
			defaultConfigurationIsVisible = 0;
			defaultConfigurationName = Release;
		};
		DCA2EE6328E8BC12009BB51C /* Build configuration list for PBXNativeTarget "StocksApp" */ = {
			isa = XCConfigurationList;
			buildConfigurations = (
				DCA2EE6428E8BC12009BB51C /* Debug */,
				DCA2EE6528E8BC12009BB51C /* Release */,
			);
			defaultConfigurationIsVisible = 0;
			defaultConfigurationName = Release;
		};
/* End XCConfigurationList section */

/* Begin XCVersionGroup section */
		DCA2EE5E28E8BC12009BB51C /* StocksApp.xcdatamodeld */ = {
			isa = XCVersionGroup;
			children = (
				DCA2EE5F28E8BC12009BB51C /* StocksApp.xcdatamodel */,
			);
			currentVersion = DCA2EE5F28E8BC12009BB51C /* StocksApp.xcdatamodel */;
			path = StocksApp.xcdatamodeld;
			sourceTree = "<group>";
			versionGroupType = wrapper.xcdatamodel;
		};
/* End XCVersionGroup section */
	};
	rootObject = DCA2EE4828E8BC12009BB51C /* Project object */;
}
